
Microsoft Visual Studio Solution File, Format Version 12.00
Project("{FAE04EC0-301F-11D3-BF4B-00C04F79EFBC}") = "Ceres", "Ceres\Ceres.csproj", "{59468CC8-30AA-4BA6-B3B7-D36F922D6167}"
EndProject
Project("{FAE04EC0-301F-11D3-BF4B-00C04F79EFBC}") = "Sandbox", "Sandbox\Sandbox.csproj", "{53F8F630-30FF-4867-9F51-DD264BDC7020}"
EndProject
Global
	GlobalSection(SolutionConfigurationPlatforms) = preSolution
		Debug|Any CPU = Debug|Any CPU
		Release|Any CPU = Release|Any CPU
	EndGlobalSection
	GlobalSection(ProjectConfigurationPlatforms) = postSolution
		{59468CC8-30AA-4BA6-B3B7-D36F922D6167}.Debug|Any CPU.ActiveCfg = Debug|Any CPU
		{59468CC8-30AA-4BA6-B3B7-D36F922D6167}.Debug|Any CPU.Build.0 = Debug|Any CPU
		{59468CC8-30AA-4BA6-B3B7-D36F922D6167}.Release|Any CPU.ActiveCfg = Release|Any CPU
		{59468CC8-30AA-4BA6-B3B7-D36F922D6167}.Release|Any CPU.Build.0 = Release|Any CPU
		{53F8F630-30FF-4867-9F51-DD264BDC7020}.Debug|Any CPU.ActiveCfg = Debug|Any CPU
		{53F8F630-30FF-4867-9F51-DD264BDC7020}.Debug|Any CPU.Build.0 = Debug|Any CPU
		{53F8F630-30FF-4867-9F51-DD264BDC7020}.Release|Any CPU.ActiveCfg = Release|Any CPU
		{53F8F630-30FF-4867-9F51-DD264BDC7020}.Release|Any CPU.Build.0 = Release|Any CPU
	EndGlobalSection
EndGlobal
